version = 1
revision = 3
requires-python = ">=3.11"

[[package]]
name = "asn1tools"
version = "0.155.3"
source = { registry = "https://pypi.org/simple" }
dependencies = [
    { name = "bitstruct" },
    { name = "diskcache" },
    { name = "prompt-toolkit" },
    { name = "pyparsing" },
]
sdist = { url = "https://files.pythonhosted.org/packages/b8/d3/1d891fd3fc24b506c95bc835819d18ad6a7107a14528a1d8a5be670455f4/asn1tools-0.155.3.tar.gz", hash = "sha256:e3c0e5d6a439eca829bf4ab61b5c6a1556d0966ba8de5766b0723f84797c332c", size = 839556, upload-time = "2021-01-14T17:07:58.307Z" }

[[package]]
name = "bitstruct"
version = "8.11.1"
source = { registry = "https://pypi.org/simple" }
sdist = { url = "https://files.pythonhosted.org/packages/95/33/9f094b5e32bc0927acf282199d35c384092dd73505c88fadb69292106eaf/bitstruct-8.11.1.tar.gz", hash = "sha256:4e7b8769c0f09fee403d0a5f637f8b575b191a79a92e140811aa109ce7461f0c", size = 34140, upload-time = "2020-11-19T09:30:04.021Z" }

[[package]]
name = "cffi"
version = "1.14.4"
source = { registry = "https://pypi.org/simple" }
dependencies = [
    { name = "pycparser" },
]
sdist = { url = "https://files.pythonhosted.org/packages/66/6a/98e023b3d11537a5521902ac6b50db470c826c682be6a8c661549cb7717a/cffi-1.14.4.tar.gz", hash = "sha256:1a465cbe98a7fd391d47dce4b8f7e5b921e6cd805ef421d04f5f66ba8f06086c", size = 471302, upload-time = "2020-11-24T14:15:25.986Z" }

[[package]]
name = "cryptography"
version = "3.3.1"
source = { registry = "https://pypi.org/simple" }
dependencies = [
    { name = "cffi" },
    { name = "six" },
]
sdist = { url = "https://files.pythonhosted.org/packages/b7/82/f7a4ddc1af185936c1e4fa000942ffa8fb2d98cff26b75afa7b3c63391c4/cryptography-3.3.1.tar.gz", hash = "sha256:7e177e4bea2de937a584b13645cab32f25e3d96fc0bc4a4cf99c27dc77682be6", size = 539756, upload-time = "2020-12-10T02:17:45.857Z" }
wheels = [
    { url = "https://files.pythonhosted.org/packages/f8/e9/d54b30ac24b4a372b65a9cdb1ea977f34eb2cea0c3f26fd6aacebb3a03b1/cryptography-3.3.1-cp36-abi3-macosx_10_10_x86_64.whl", hash = "sha256:dc42f645f8f3a489c3dd416730a514e7a91a59510ddaadc09d04224c098d3302", size = 1806124, upload-time = "2020-12-10T02:20:21.371Z" },
    { url = "https://files.pythonhosted.org/packages/7c/b6/1f3dd48a22fcd56f19e6cfa95f74ff0a64b046306354e1bd2b936b7c9ab4/cryptography-3.3.1-cp36-abi3-manylinux1_x86_64.whl", hash = "sha256:788a3c9942df5e4371c199d10383f44a105d67d401fb4304178020142f020244", size = 2655338, upload-time = "2020-12-10T02:20:23.04Z" },
    { url = "https://files.pythonhosted.org/packages/c9/de/7054df0620b5411ba45480f0261e1fb66a53f3db31b28e3aa52c026e72d9/cryptography-3.3.1-cp36-abi3-manylinux2010_x86_64.whl", hash = "sha256:69e836c9e5ff4373ce6d3ab311c1a2eed274793083858d3cd4c7d12ce20d5f9c", size = 2617057, upload-time = "2020-12-10T02:20:24.912Z" },
    { url = "https://files.pythonhosted.org/packages/98/4d/2a235f7bf7946c09ba9d5e81ee1e5cfcbbcd174bc3e47a7174e342254e2a/cryptography-3.3.1-cp36-abi3-manylinux2014_aarch64.whl", hash = "sha256:9e21301f7a1e7c03dbea73e8602905a4ebba641547a462b26dd03451e5769e7c", size = 2596491, upload-time = "2020-12-10T02:30:13.237Z" },
    { url = "https://files.pythonhosted.org/packages/f1/66/bb7c753c709e9bf5104c4b5e2e7b3bec2083641f251d22814dbe94613eeb/cryptography-3.3.1-cp36-abi3-win32.whl", hash = "sha256:b4890d5fb9b7a23e3bf8abf5a8a7da8e228f1e97dc96b30b95685df840b6914a", size = 1274097, upload-time = "2020-12-10T02:20:26.518Z" },
    { url = "https://files.pythonhosted.org/packages/91/b0/a3376ede22b0b16b4250ef7539e9c11a5f1b7db2e1cd332fb5760e8ecedc/cryptography-3.3.1-cp36-abi3-win_amd64.whl", hash = "sha256:0e85aaae861d0485eb5a79d33226dd6248d2a9f133b81532c8f5aae37de10ff7", size = 1513102, upload-time = "2020-12-10T02:20:29.028Z" },
]

[[package]]
name = "diskcache"
version = "5.2.1"
source = { registry = "https://pypi.org/simple" }
sdist = { url = "https://files.pythonhosted.org/packages/49/07/079b8b4eb2aba194fca4562c7f014ea45a40130ebff539628c05c52d9050/diskcache-5.2.1.tar.gz", hash = "sha256:1805acd5868ac10ad547208951a1190a0ab7bbff4e70f9a07cde4dbdfaa69f64", size = 48321, upload-time = "2021-01-23T02:55:34.135Z" }
wheels = [
    { url = "https://files.pythonhosted.org/packages/6a/5e/3deb8f9c83bead2af6f2cda97c4400516488464fede2853875a81e502953/diskcache-5.2.1-py3-none-any.whl", hash = "sha256:6e8137c778fd2752b93c8a8f944e939b3665d645b46774d8537dd3528ac3baa1", size = 44558, upload-time = "2021-01-23T02:55:32.682Z" },
]

[[package]]
name = "gmpy2"
version = "2.3.0"
source = { registry = "https://pypi.org/simple" }
sdist = { url = "https://files.pythonhosted.org/packages/57/57/86fd2ed7722cddfc7b1aa87cc768ef89944aa759b019595765aff5ad96a7/gmpy2-2.3.0.tar.gz", hash = "sha256:2d943cc9051fcd6b15b2a09369e2f7e18c526bc04c210782e4da61b62495eb4a", size = 302252, upload-time = "2026-02-08T00:57:42.808Z" }
wheels = [
    { url = "https://files.pythonhosted.org/packages/a3/70/0b5bde5f8e960c25ee18a352eb12bf5078d7fff3367c86d04985371de3f5/gmpy2-2.3.0-cp311-cp311-macosx_10_9_x86_64.whl", hash = "sha256:2792ec96b2c4ee5af9f72409cd5b786edaf8277321f7022ce80ddff265815b01", size = 858392, upload-time = "2026-02-08T00:56:06.264Z" },
    { url = "https://files.pythonhosted.org/packages/c7/9b/2b52e92d0f1f36428e93ad7980634156fb5a1c88044984b0c03988951dc7/gmpy2-2.3.0-cp311-cp311-macosx_11_0_arm64.whl", hash = "sha256:f3770aa5e44c5650d18232a0b8b8ed3d12db530d8278d4c800e4de5eef24cac5", size = 708753, upload-time = "2026-02-08T00:56:07.539Z" },
    { url = "https://files.pythonhosted.org/packages/e8/74/dac71b2f9f7844c40b38b6e43e3f793193420fd65573258147792cc069ce/gmpy2-2.3.0-cp311-cp311-manylinux2014_aarch64.manylinux_2_17_aarch64.manylinux_2_28_aarch64.whl", hash = "sha256:f9b4cee1fa3647505f53b81dc3b60ac49034768117f6295a04aaf4d3f216b821", size = 1674005, upload-time = "2026-02-08T00:56:10.932Z" },
    { url = "https://files.pythonhosted.org/packages/2c/29/16548784d70b2a58919720cb976a968b9b14a1b8ccebfe4a21d21647ecec/gmpy2-2.3.0-cp311-cp311-manylinux2014_x86_64.manylinux_2_17_x86_64.manylinux_2_28_x86_64.whl", hash = "sha256:fd9f4124d7dc39d50896ba08820049a95f9f3952dcd6e072cc3a9d07361b7f1f", size = 1774200, upload-time = "2026-02-08T00:56:13.167Z" },
    { url = "https://files.pythonhosted.org/packages/75/c5/ef9efb075388e91c166f74234cd54897af7a2d3b93c66a9c3a266c796c99/gmpy2-2.3.0-cp311-cp311-musllinux_1_2_aarch64.whl", hash = "sha256:2f6b38e1b6d2aeb553c936c136c3a12cf983c9f9ce3e211b8632744a15f2bce7", size = 1693346, upload-time = "2026-02-08T00:56:14.999Z" },
    { url = "https://files.pythonhosted.org/packages/13/7e/1a1d6f50bb428434ca6930df0df6d9f8ad914c103106e60574b5df349f36/gmpy2-2.3.0-cp311-cp311-musllinux_1_2_x86_64.whl", hash = "sha256:089229ef18b8d804a76fec9bd7e7d653f598a977e8354f7de8850731a48adb37", size = 1731821, upload-time = "2026-02-08T00:56:16.524Z" },
    { url = "https://files.pythonhosted.org/packages/49/47/f1140943bed78da59261edb377b9497b74f6e583d7accc9dc20592753a25/gmpy2-2.3.0-cp311-cp311-win_amd64.whl", hash = "sha256:f1843f2ca5a1643fac7563a12a6a7d68e539d93de4afe5812355d32fb1613891", size = 1234877, upload-time = "2026-02-08T00:56:17.919Z" },
    { url = "https://files.pythonhosted.org/packages/64/44/a19e4a1628067bf7d27eeda2a1a874b1a5e750e2f5847cc2c49e90946eb5/gmpy2-2.3.0-cp311-cp311-win_arm64.whl", hash = "sha256:cd5b92fa675dde5151ebe8d89814c78d573e5210cdc162016080782778f15654", size = 855570, upload-time = "2026-02-08T00:56:19.415Z" },
    { url = "https://files.pythonhosted.org/packages/5c/e0/f70385e41b265b4f3534c7f41e78eefcf78dfe3a0d490816c697bb0703a9/gmpy2-2.3.0-cp312-cp312-macosx_10_13_x86_64.whl", hash = "sha256:f35d6b1a8f067323a0a0d7034699284baebef498b030bbb29ab31d2ec13d1068", size = 857355, upload-time = "2026-02-08T00:56:20.674Z" },
    { url = "https://files.pythonhosted.org/packages/52/31/637015bd02bc74c6d854fc92ca1c24109a91691df07bc5e10bd14e09fd15/gmpy2-2.3.0-cp312-cp312-macosx_11_0_arm64.whl", hash = "sha256:392d0560526dfa377c54c5c001d507fbbdea6cf54574895b90a97fc3587fa51e", size = 708996, upload-time = "2026-02-08T00:56:22.058Z" },
    { url = "https://files.pythonhosted.org/packages/f4/21/7f8bf79c486cff140aca76d958cdecfd1986cf989d28e14791a6e09004d8/gmpy2-2.3.0-cp312-cp312-manylinux2014_aarch64.manylinux_2_17_aarch64.manylinux_2_28_aarch64.whl", hash = "sha256:e900f41cc46700a5f49a4fbdcd5cd895e00bd0c2b9889fb2504ac1d594c21ac2", size = 1667404, upload-time = "2026-02-08T00:56:25.199Z" },
    { url = "https://files.pythonhosted.org/packages/86/1a/6efe94b7eb963362a7023b5c31157de703398d77320273a6dd7492736fff/gmpy2-2.3.0-cp312-cp312-manylinux2014_x86_64.manylinux_2_17_x86_64.manylinux_2_28_x86_64.whl", hash = "sha256:713ba9b7a0a9098591f202e8f24f27ac5dd5001baf088ece1762852608a04b95", size = 1768643, upload-time = "2026-02-08T00:56:27.094Z" },
    { url = "https://files.pythonhosted.org/packages/5b/cf/9e9790f55b076d2010e282fc9a80bb4888c54b5e7fe359ae06a1d4bb76ea/gmpy2-2.3.0-cp312-cp312-musllinux_1_2_aarch64.whl", hash = "sha256:d2ed7b6d557b5d47068e889e2db204321ac855e001316a12928e4e7435f98637", size = 1683858, upload-time = "2026-02-08T00:56:28.422Z" },
    { url = "https://files.pythonhosted.org/packages/0f/02/1644480dc9f499f510979033a09069bb5a4fb3e75cf8f79c894d4ba17eed/gmpy2-2.3.0-cp312-cp312-musllinux_1_2_x86_64.whl", hash = "sha256:9d135dcef824e26e1b3af544004d8f98564d090e7cf1001c50cc93d9dc1dc047", size = 1722019, upload-time = "2026-02-08T00:56:29.973Z" },
    { url = "https://files.pythonhosted.org/packages/5a/3f/5a74a2c9ac2e6076819649707293e16fd0384bee9f065f097d0f2fb89b0c/gmpy2-2.3.0-cp312-cp312-win_amd64.whl", hash = "sha256:9dcbb628f9c806f0e6789f2c5e056e67e949b317af0e9ea0c3f0e0488c56e2a8", size = 1236149, upload-time = "2026-02-08T00:56:31.734Z" },
    { url = "https://files.pythonhosted.org/packages/59/34/e9157d26278462feca182515fd58de1e7a2bb5da0ee7ba80aeed0363776c/gmpy2-2.3.0-cp312-cp312-win_arm64.whl", hash = "sha256:19022e0103aa76803b666720f107d8ab1941c597fd3fe70fadf7c49bac82a097", size = 856534, upload-time = "2026-02-08T00:56:33.059Z" },
    { url = "https://files.pythonhosted.org/packages/cf/ea/a12ef41ea2695f71ebde95f5cd51c11a9ba0058b42ab0448bb5d5d33efa2/gmpy2-2.3.0-cp313-cp313-macosx_10_13_x86_64.whl", hash = "sha256:2f045c824c7ac28bb026e55b8a8c97a41ebbcdfbe1f065e47debb5d842baf667", size = 858114, upload-time = "2026-02-08T00:56:34.853Z" },
    { url = "https://files.pythonhosted.org/packages/5f/c5/7cc5563e7b55527a2cd5b4d25110a3d2dda7b77e966d6138c01b2195142d/gmpy2-2.3.0-cp313-cp313-macosx_11_0_arm64.whl", hash = "sha256:bc09a8fddecf2eed7b6da1b877d96ec9582285f0bbc3bdf57f3dedfcfbef01f7", size = 709962, upload-time = "2026-02-08T00:56:36.222Z" },
    { url = "https://files.pythonhosted.org/packages/28/9e/3c8b255ab55ecd03b9ab52994143b8c9b82d27535b7dfcaae8a5cdd84d2f/gmpy2-2.3.0-cp313-cp313-manylinux2014_aarch64.manylinux_2_17_aarch64.manylinux_2_28_aarch64.whl", hash = "sha256:a12f5b508b940000b54dec3a2fdd3523e09f20b87093a190a55d9a139bb5eece", size = 1666134, upload-time = "2026-02-08T00:56:37.536Z" },
    { url = "https://files.pythonhosted.org/packages/b5/a7/e26e98a14b5e8762a99af7f048a8caa79a2455602ae2ddf9f73760491313/gmpy2-2.3.0-cp313-cp313-manylinux2014_x86_64.manylinux_2_17_x86_64.manylinux_2_28_x86_64.whl", hash = "sha256:488a370c232b314c353982920fded3c275e44a4f55d48d690462ad31cbf971ae", size = 1768911, upload-time = "2026-02-08T00:56:38.828Z" },
    { url = "https://files.pythonhosted.org/packages/58/d4/6149c74c06bc0f2a5f08dd80ca054066dc4ed15fcd7ef52ddae6017b9d11/gmpy2-2.3.0-cp313-cp313-musllinux_1_2_aarch64.whl", hash = "sha256:67606f3da678b3c2379dc606186867cde5061e44f96bf5a114cc6a08ea0d2fc7", size = 1684297, upload-time = "2026-02-08T00:56:40.511Z" },
    { url = "https://files.pythonhosted.org/packages/4d/27/7a0f09d6eb244a39323a6f205d63a28ba44f13d226dfe1f0d3fc943c3ac8/gmpy2-2.3.0-cp313-cp313-musllinux_1_2_x86_64.whl", hash = "sha256:77d4d5b580339f31f89db3640453472d3c8c9308233db35bdccd2e8a93ae61fd", size = 1722649, upload-time = "2026-02-08T00:56:42.468Z" },
    { url = "https://files.pythonhosted.org/packages/59/83/2d22d4455b5156efc93780d5554d0631a47c774aec69bc2ba0a9337bf467/gmpy2-2.3.0-cp313-cp313-win_amd64.whl", hash = "sha256:b308af421eadb1736befdde0f9ab9927d4a674596eef88a99faa98d75bba8f16", size = 1236151, upload-time = "2026-02-08T00:56:43.779Z" },
    { url = "https://files.pythonhosted.org/packages/20/37/d3fbbc3af090a3072a862222eb6c058ab7e121498c969f8be2bae66e43b7/gmpy2-2.3.0-cp313-cp313-win_arm64.whl", hash = "sha256:65d8bf129b50b42644602e241e04ba3a27dafef0b07904964d8b4689704d97d7", size = 856606, upload-time = "2026-02-08T00:56:45.204Z" },
    { url = "https://files.pythonhosted.org/packages/d0/ac/140af3c1771567afa26c3f0b9818e1422b97f6c15a85dd9b6e0febb0d460/gmpy2-2.3.0-cp313-cp313t-macosx_10_13_x86_64.whl", hash = "sha256:800d6bbb5ad1dac5ab13000c4a693332c8e27f169723e4b43f98ec8e15d41277", size = 872709, upload-time = "2026-02-08T00:56:46.426Z" },
    { url = "https://files.pythonhosted.org/packages/82/d1/c9ea11c1895c98f9085f6ba36435ba55e6c3ce06402d26a8eff8d8eb0e50/gmpy2-2.3.0-cp313-cp313t-macosx_11_0_arm64.whl", hash = "sha256:51dd9999a2cbfc4cd1d6166478c2e5749aa9cf5cf384349d2d8f9169463190f1", size = 724416, upload-time = "2026-02-08T00:56:48.251Z" },
    { url = "https://files.pythonhosted.org/packages/aa/2b/a6192d84644fb0c0662753a71873ce18eef4e5100ad34046626206bba1cb/gmpy2-2.3.0-cp313-cp313t-manylinux2014_aarch64.manylinux_2_17_aarch64.manylinux_2_28_aarch64.whl", hash = "sha256:ab62738afef1d65e96d170efdd8e982caa9338591e8faa0ac6999bf574b5f441", size = 1588412, upload-time = "2026-02-08T00:56:50.042Z" },
    { url = "https://files.pythonhosted.org/packages/5f/5e/08ba6cfca37c88dd8e3da9ba093df2f390765df8b38e9e06a442e860b511/gmpy2-2.3.0-cp313-cp313t-manylinux2014_x86_64.manylinux_2_17_x86_64.manylinux_2_28_x86_64.whl", hash = "sha256:122e37c3f2ced5ae30a904d3ba5cc9c9e65e752560911eac44c6e9f3a8a240a1", size = 1683873, upload-time = "2026-02-08T00:56:51.434Z" },
    { url = "https://files.pythonhosted.org/packages/15/5d/edf838778145d98bc564fe7c3eca97175cdf502e500a30a3bd4a10727f8d/gmpy2-2.3.0-cp313-cp313t-musllinux_1_2_aarch64.whl", hash = "sha256:28422e9a137ac1ae60f906b7c1a9b99fc7191e6a8ced3c4222dd514b33d5556f", size = 1601139, upload-time = "2026-02-08T00:56:52.765Z" },
    { url = "https://files.pythonhosted.org/packages/94/9b/cee06002df08b049b90070d9fed022c13c7a99ba1a8ccf1d41104653b645/gmpy2-2.3.0-cp313-cp313t-musllinux_1_2_x86_64.whl", hash = "sha256:fc6329b18bdbac682452ae403edf373be52794400643578863b5a751cc606e4f", size = 1642310, upload-time = "2026-02-08T00:56:54.259Z" },
    { url = "https://files.pythonhosted.org/packages/82/43/4506398e6356fb5d77b970f7883a15a12ea383de364088ba06102d64042b/gmpy2-2.3.0-cp313-cp313t-win_amd64.whl", hash = "sha256:5779f6cf498dfea2dd486c6acff0b61b834d3c3a18724d09f297a495a2ba4794", size = 1263268, upload-time = "2026-02-08T00:56:55.555Z" },
    { url = "https://files.pythonhosted.org/packages/dc/ce/391d55659772a11874be02809f064583db013cbe2c2d595893b5b6bc666d/gmpy2-2.3.0-cp313-cp313t-win_arm64.whl", hash = "sha256:63203c8a31f2afb282e0535e517e8f53a7f63c490b51bb3e1e3dbad67533ca63", size = 860824, upload-time = "2026-02-08T00:56:57.595Z" },
    { url = "https://files.pythonhosted.org/packages/db/2b/183a5a60974c284ea70d6c30dc32f3575c3b215f4a026c6cd128b14e5f7b/gmpy2-2.3.0-cp314-cp314-macosx_10_15_x86_64.whl", hash = "sha256:bf9ac69c1346a6dc21e62261d916325be74d1aee97e87e14c90eedbb0171feba", size = 858117, upload-time = "2026-02-08T00:56:58.914Z" },
    { url = "https://files.pythonhosted.org/packages/6a/22/2e254d93393c5d17b691bb5dacf13e5a25af1b3a389d451ed180a6170785/gmpy2-2.3.0-cp314-cp314-macosx_11_0_arm64.whl", hash = "sha256:0a42ced3bc8a679daa46fba0d7b46f5549c5c1400adc005da76a9420821ad959", size = 710234, upload-time = "2026-02-08T00:57:00.69Z" },
    { url = "https://files.pythonhosted.org/packages/37/e8/8c3a9b16281180d9f0910ba738817d2e523167dcc4f11745d2d5d1be603e/gmpy2-2.3.0-cp314-cp314-manylinux2014_aarch64.manylinux_2_17_aarch64.manylinux_2_28_aarch64.whl", hash = "sha256:17770d7a8fb06159563d63a69b95e9c935f94d078ec5b1876e64ae2f233cc97b", size = 1663100, upload-time = "2026-02-08T00:57:02.006Z" },
    { url = "https://files.pythonhosted.org/packages/d8/7c/acda4d717e1612aa7bdd58271e724c7dfb1b648cf8d55b16ec54ab1a9de7/gmpy2-2.3.0-cp314-cp314-manylinux2014_x86_64.manylinux_2_17_x86_64.manylinux_2_28_x86_64.whl", hash = "sha256:566861a586dabffc4913b3a99f611240c966e9d5fab71cdb3147e759a035ebd2", size = 1766955, upload-time = "2026-02-08T00:57:03.62Z" },
    { url = "https://files.pythonhosted.org/packages/9c/3a/b19226a5da1584b4de866beeb57bd80264cf033a62f29f4e06372dda25d2/gmpy2-2.3.0-cp314-cp314-musllinux_1_2_aarch64.whl", hash = "sha256:04112c8c572499877aa785e91a1b06a90ac65138638d8d331b78032b2fe76dd9", size = 1682426, upload-time = "2026-02-08T00:57:04.918Z" },
    { url = "https://files.pythonhosted.org/packages/a1/d4/c8e0987602cd2bb7a52f86d0288c77f444c6aaf565f329c6ee5c569a0e2d/gmpy2-2.3.0-cp314-cp314-musllinux_1_2_x86_64.whl", hash = "sha256:404f1c46e9e3871c482d485f661b8b94e7b8bb7837e582d2dad961a3c8a9aa81", size = 1720961, upload-time = "2026-02-08T00:57:06.321Z" },
    { url = "https://files.pythonhosted.org/packages/cb/a8/02eaf120e6d4379a68937c3c8af6974bbb71f59afa487fb41db168802bef/gmpy2-2.3.0-cp314-cp314-win_amd64.whl", hash = "sha256:9cedc4e27c543fa811175a00765bd284114fc6f813fcca2dbb24b383173115e2", size = 1262433, upload-time = "2026-02-08T00:57:09.459Z" },
    { url = "https://files.pythonhosted.org/packages/4b/2b/d729eb8b27ea66cdb4cdff69935b2b9fd119ef0dfd10a6ea073c5515a044/gmpy2-2.3.0-cp314-cp314-win_arm64.whl", hash = "sha256:51051b7327f384cbd6e3fecdb31280c3aab5648cc5f49a79d447b9851840eb65", size = 878764, upload-time = "2026-02-08T00:57:10.781Z" },
    { url = "https://files.pythonhosted.org/packages/4b/27/466e68e414a8393daed986b7115d5af279b7c7898265d0489f0a7d48550d/gmpy2-2.3.0-cp314-cp314t-macosx_10_15_x86_64.whl", hash = "sha256:23235c78f75f5d5349c5a28ba747abdabf8e43cb6c3e2d7296d9be07d5ee150c", size = 872741, upload-time = "2026-02-08T00:57:12.292Z" },
    { url = "https://files.pythonhosted.org/packages/6b/df/cdb5ca9310e76ab13172f058b6bc555b26d500e935c86c37bfd82dbc6e9e/gmpy2-2.3.0-cp314-cp314t-macosx_11_0_arm64.whl", hash = "sha256:884b200343db4eca4a918cff602ecd1686a8dfc44f4b0b7e7df21747edf4e168", size = 724203, upload-time = "2026-02-08T00:57:13.599Z" },
    { url = "https://files.pythonhosted.org/packages/81/78/8dc4d19701ddd0c121a5c98731ddb2cba353bc6fd2cee4136016ccfa910b/gmpy2-2.3.0-cp314-cp314t-manylinux2014_aarch64.manylinux_2_17_aarch64.manylinux_2_28_aarch64.whl", hash = "sha256:9d7cae51c2613884192901b3b7cf6546e4c70548589b58ef9eec7d3aaea88783", size = 1586697, upload-time = "2026-02-08T00:57:14.976Z" },
    { url = "https://files.pythonhosted.org/packages/99/55/4293bb1d180a74389cab9ef9dcc5337de0ca7b1254da395f8b41a4b63b99/gmpy2-2.3.0-cp314-cp314t-manylinux2014_x86_64.manylinux_2_17_x86_64.manylinux_2_28_x86_64.whl", hash = "sha256:399d8ed2168075837c9b8817808532d5d3fc197cd7b121822e97e8add3e60f7f", size = 1682178, upload-time = "2026-02-08T00:57:16.356Z" },
    { url = "https://files.pythonhosted.org/packages/7e/4f/c6d1104e4420e3d6a568653e4e3ee11fa368d1292f715e9b54cfc01bddc1/gmpy2-2.3.0-cp314-cp314t-musllinux_1_2_aarch64.whl", hash = "sha256:a5713e51e244470e986051ac2be4aa4d0594067216f07d76cd07234f8c25a2c6", size = 1600481, upload-time = "2026-02-08T00:57:17.638Z" },
    { url = "https://files.pythonhosted.org/packages/ef/0d/c9a1e7115822f1685958b29b05118d9b741a6670b5b80a40eaf39286afe3/gmpy2-2.3.0-cp314-cp314t-musllinux_1_2_x86_64.whl", hash = "sha256:baf62ccecb76a0c922af2f01c7fbb0b0f7606ed41fd7d59458656898a0dad5c9", size = 1639960, upload-time = "2026-02-08T00:57:18.895Z" },
    { url = "https://files.pythonhosted.org/packages/40/2d/9f5e6b7aa5a8d5ff09b9a2be01d6e6a8e79047c6362c12bd3c8a3d529d25/gmpy2-2.3.0-cp314-cp314t-win_amd64.whl", hash = "sha256:8b6399d2dd1229242b0e24ebf525f70fee0efa98f366990c7efafd32ce90855c", size = 1293163, upload-time = "2026-02-08T00:57:20.261Z" },
    { url = "https://files.pythonhosted.org/packages/96/40/4d55a2e094e203e89ad966903ed887bd379008c39ec94b6474260472b7f1/gmpy2-2.3.0-cp314-cp314t-win_arm64.whl", hash = "sha256:3c13f1078b30bbb95472f38e6213fb269be55ef37ede94fb9695fb1173e568a4", size = 882976, upload-time = "2026-02-08T00:57:21.712Z" },
    { url = "https://files.pythonhosted.org/packages/a1/10/f95d0103be9c1c458d5d92a72cca341a4ce0f1ca3ae6f79839d0f171f7ea/gmpy2-2.3.0-pp311-pypy311_pp73-macosx_10_15_x86_64.whl", hash = "sha256:71dc3734104fa1f300d35ac6f55c7e98f7b0e1c7fd96f27b409110ed1c0c47d2", size = 840903, upload-time = "2026-02-08T00:57:34.192Z" },
    { url = "https://files.pythonhosted.org/packages/5b/50/677daeb75c038cdd773d575eefd34e96dbdd7b03c91166e56e6f8ed7acc2/gmpy2-2.3.0-pp311-pypy311_pp73-macosx_11_0_arm64.whl", hash = "sha256:4623e700423396ef3d1658efa83b6feb0615fb68cb0b850e9ac0cba966db34c8", size = 691637, upload-time = "2026-02-08T00:57:35.495Z" },
    { url = "https://files.pythonhosted.org/packages/bd/cf/f1eb022f61c7bcc2dc428d345a7c012f0fabe1acb8db0d8216f23a46a915/gmpy2-2.3.0-pp311-pypy311_pp73-manylinux2014_aarch64.manylinux_2_17_aarch64.manylinux_2_28_aarch64.whl", hash = "sha256:692289a37442468856328986e0fab7e7e71c514bc470e1abae82d3bc54ca4cd2", size = 939209, upload-time = "2026-02-08T00:57:37.19Z" },
    { url = "https://files.pythonhosted.org/packages/db/ae/c651b8d903f4d8a65e4f959e2fd39c963d36cb2c6bfc452aa6d7db0fc5b3/gmpy2-2.3.0-pp311-pypy311_pp73-manylinux2014_x86_64.manylinux_2_17_x86_64.manylinux_2_28_x86_64.whl", hash = "sha256:bb379412033b52c3ec6bc44c6eaa134c88a068b6f1f360e6c13ca962082478ee", size = 1039433, upload-time = "2026-02-08T00:57:38.841Z" },
    { url = "https://files.pythonhosted.org/packages/53/1a/72844930f855d50b831a899f53365404ec81c165a68dea6ea3fa1668ba46/gmpy2-2.3.0-pp311-pypy311_pp73-win_amd64.whl", hash = "sha256:8d087b262a0356c318a56fbb5c718e4e56762d861b2f9d581adc90a180264db9", size = 1233930, upload-time = "2026-02-08T00:57:40.228Z" },
]

[[package]]
name = "prompt-toolkit"
version = "3.0.14"
source = { registry = "https://pypi.org/simple" }
dependencies = [
    { name = "wcwidth" },
]
sdist = { url = "https://files.pythonhosted.org/packages/b1/46/4eb242362c43cf033b4ec4d7205612c46c9f904a8984cdfdb64d35476175/prompt_toolkit-3.0.14.tar.gz", hash = "sha256:7e966747c18ececaec785699626b771c1ba8344c8d31759a1915d6b12fad6525", size = 385647, upload-time = "2021-01-24T09:40:07.368Z" }
wheels = [
    { url = "https://files.pythonhosted.org/packages/4e/f4/805f4596bf15ae8e576623f579b40c12b0780a7bdd9a437f205f136d9ece/prompt_toolkit-3.0.14-py3-none-any.whl", hash = "sha256:c96b30925025a7635471dc083ffb6af0cc67482a00611bd81aeaeeeb7e5a5e12", size = 359264, upload-time = "2021-01-24T09:40:04.852Z" },
]

[[package]]
name = "pycparser"
version = "2.20"
source = { registry = "https://pypi.org/simple" }
sdist = { url = "https://files.pythonhosted.org/packages/0f/86/e19659527668d70be91d0369aeaa055b4eb396b0f387a4f92293a20035bd/pycparser-2.20.tar.gz", hash = "sha256:2d475327684562c3a96cc71adf7dc8c4f0565175cf86b6d7a404ff4c771f15f0", size = 161330, upload-time = "2020-03-04T14:16:39.22Z" }
wheels = [
    { url = "https://files.pythonhosted.org/packages/ae/e7/d9c3a176ca4b02024debf82342dab36efadfc5776f9c8db077e8f6e71821/pycparser-2.20-py2.py3-none-any.whl", hash = "sha256:7582ad22678f0fcd81102833f60ef8d0e57288b6b5fb00323d101be910e35705", size = 112041, upload-time = "2020-03-04T14:16:37.278Z" },
]

[[package]]
name = "pycryptodome"
version = "3.20.0"
source = { registry = "https://pypi.org/simple" }
sdist = { url = "https://files.pythonhosted.org/packages/b9/ed/19223a0a0186b8a91ebbdd2852865839237a21c74f1fbc4b8d5b62965239/pycryptodome-3.20.0.tar.gz", hash = "sha256:09609209ed7de61c2b560cc5c8c4fbf892f8b15b1faf7e4cbffac97db1fffda7", size = 4794232, upload-time = "2024-01-10T11:30:59.413Z" }
wheels = [
    { url = "https://files.pythonhosted.org/packages/ff/96/b0d494defb3346378086848a8ece5ddfd138a66c4a05e038fca873b2518c/pycryptodome-3.20.0-cp35-abi3-macosx_10_9_universal2.whl", hash = "sha256:ac1c7c0624a862f2e53438a15c9259d1655325fc2ec4392e66dc46cdae24d044", size = 2427142, upload-time = "2024-01-10T11:30:10.711Z" },
    { url = "https://files.pythonhosted.org/packages/24/80/56a04e2ae622d7f38c1c01aef46a26c6b73a2ad15c9705a8e008b5befb03/pycryptodome-3.20.0-cp35-abi3-macosx_10_9_x86_64.whl", hash = "sha256:76658f0d942051d12a9bd08ca1b6b34fd762a8ee4240984f7c06ddfb55eaf15a", size = 1590045, upload-time = "2024-01-10T11:30:14.431Z" },
    { url = "https://files.pythonhosted.org/packages/ea/94/82ebfa5c83d980907ceebf79b00909a569d258bdfd9b0264d621fa752cfd/pycryptodome-3.20.0-cp35-abi3-manylinux_2_17_aarch64.manylinux2014_aarch64.whl", hash = "sha256:f35d6cee81fa145333137009d9c8ba90951d7d77b67c79cbe5f03c7eb74d8fe2", size = 2061748, upload-time = "2024-01-10T11:30:16.551Z" },
    { url = "https://files.pythonhosted.org/packages/af/20/5f29ec45462360e7f61e8688af9fe4a0afae057edfabdada662e11bf97e7/pycryptodome-3.20.0-cp35-abi3-manylinux_2_17_x86_64.manylinux2014_x86_64.whl", hash = "sha256:76cb39afede7055127e35a444c1c041d2e8d2f1f9c121ecef573757ba4cd2c3c", size = 2135687, upload-time = "2024-01-10T11:30:18.61Z" },
    { url = "https://files.pythonhosted.org/packages/e5/1f/6bc4beb4adc07b847e5d3fddbec4522c2c3aa05df9e61b91dc4eff6a4946/pycryptodome-3.20.0-cp35-abi3-manylinux_2_5_i686.manylinux1_i686.manylinux_2_17_i686.manylinux2014_i686.whl", hash = "sha256:49a4c4dc60b78ec41d2afa392491d788c2e06edf48580fbfb0dd0f828af49d25", size = 2164262, upload-time = "2024-01-10T11:30:20.99Z" },
    { url = "https://files.pythonhosted.org/packages/30/4b/cbc67cda0efd55d7ddcc98374c4b9c853022a595ed1d78dd15c961bc7f6e/pycryptodome-3.20.0-cp35-abi3-musllinux_1_1_aarch64.whl", hash = "sha256:fb3b87461fa35afa19c971b0a2b7456a7b1db7b4eba9a8424666104925b78128", size = 2054347, upload-time = "2024-01-10T11:30:23.407Z" },
    { url = "https://files.pythonhosted.org/packages/0d/08/01987ab75ca789247a88c8b2f0ce374ef7d319e79589e0842e316a272662/pycryptodome-3.20.0-cp35-abi3-musllinux_1_1_i686.whl", hash = "sha256:acc2614e2e5346a4a4eab6e199203034924313626f9620b7b4b38e9ad74b7e0c", size = 2192762, upload-time = "2024-01-10T11:30:25.512Z" },
    { url = "https://files.pythonhosted.org/packages/b5/bf/798630923b67f4201059c2d690105998f20a6a8fb9b5ab68d221985155b3/pycryptodome-3.20.0-cp35-abi3-musllinux_1_1_x86_64.whl", hash = "sha256:210ba1b647837bfc42dd5a813cdecb5b86193ae11a3f5d972b9a0ae2c7e9e4b4", size = 2155230, upload-time = "2024-01-10T11:30:27.609Z" },
    { url = "https://files.pythonhosted.org/packages/39/12/5fe7f5b9212dda9f5a26f842a324d6541fe1ca8059602124ff30db1e874b/pycryptodome-3.20.0-cp35-abi3-win32.whl", hash = "sha256:8d6b98d0d83d21fb757a182d52940d028564efe8147baa9ce0f38d057104ae72", size = 1723464, upload-time = "2024-01-10T11:30:30.271Z" },
    { url = "https://files.pythonhosted.org/packages/1f/90/d131c0eb643290230dfa4108b7c2d135122d88b714ad241d77beb4782a76/pycryptodome-3.20.0-cp35-abi3-win_amd64.whl", hash = "sha256:9b3ae153c89a480a0ec402e23db8d8d84a3833b65fa4b15b81b83be9d637aab9", size = 1759588, upload-time = "2024-01-10T11:30:33.031Z" },
]

[[package]]
name = "pyparsing"
version = "2.4.7"
source = { registry = "https://pypi.org/simple" }
sdist = { url = "https://files.pythonhosted.org/packages/c1/47/dfc9c342c9842bbe0036c7f763d2d6686bcf5eb1808ba3e170afdb282210/pyparsing-2.4.7.tar.gz", hash = "sha256:c203ec8783bf771a155b207279b9bccb8dea02d8f0c9e5f8ead507bc3246ecc1", size = 649718, upload-time = "2020-04-05T22:21:25.349Z" }
wheels = [
    { url = "https://files.pythonhosted.org/packages/8a/bb/488841f56197b13700afd5658fc279a2025a39e22449b7cf29864669b15d/pyparsing-2.4.7-py2.py3-none-any.whl", hash = "sha256:ef9d7589ef3c200abe66653d3f1ab1033c3c419ae9b9bdb1240a85b024efc88b", size = 67842, upload-time = "2020-04-05T22:21:22.897Z" },
]

[[package]]
name = "rsa-sign2n"
version = "0.1.0"
source = { virtual = "." }
dependencies = [
    { name = "asn1tools" },
    { name = "bitstruct" },
    { name = "cffi" },
    { name = "cryptography" },
    { name = "diskcache" },
    { name = "gmpy2" },
    { name = "prompt-toolkit" },
    { name = "pycparser" },
    { name = "pycryptodome" },
    { name = "pyparsing" },
    { name = "six" },
    { name = "wcwidth" },
]

[package.metadata]
requires-dist = [
    { name = "asn1tools", specifier = "==0.155.3" },
    { name = "bitstruct", specifier = "==8.11.1" },
    { name = "cffi", specifier = "==1.14.4" },
    { name = "cryptography", specifier = "==3.3.1" },
    { name = "diskcache", specifier = "==5.2.1" },
    { name = "gmpy2", specifier = "==2.3.0" },
    { name = "prompt-toolkit", specifier = "==3.0.14" },
    { name = "pycparser", specifier = "==2.20" },
    { name = "pycryptodome", specifier = "==3.20.0" },
    { name = "pyparsing", specifier = "==2.4.7" },
    { name = "six", specifier = "==1.15.0" },
    { name = "wcwidth", specifier = "==0.2.5" },
]

[[package]]
name = "six"
version = "1.15.0"
source = { registry = "https://pypi.org/simple" }
sdist = { url = "https://files.pythonhosted.org/packages/6b/34/415834bfdafca3c5f451532e8a8d9ba89a21c9743a0c59fbd0205c7f9426/six-1.15.0.tar.gz", hash = "sha256:30639c035cdb23534cd4aa2dd52c3bf48f06e5f4a941509c8bafd8ce11080259", size = 33917, upload-time = "2020-05-21T15:25:55.142Z" }
wheels = [
    { url = "https://files.pythonhosted.org/packages/ee/ff/48bde5c0f013094d729fe4b0316ba2a24774b3ff1c52d924a8a4cb04078a/six-1.15.0-py2.py3-none-any.whl", hash = "sha256:8b74bedcbbbaca38ff6d7491d76f2b06b3592611af620f8426e82dddb04a5ced", size = 10963, upload-time = "2020-05-21T15:25:54.177Z" },
]

[[package]]
name = "wcwidth"
version = "0.2.5"
source = { registry = "https://pypi.org/simple" }
sdist = { url = "https://files.pythonhosted.org/packages/89/38/459b727c381504f361832b9e5ace19966de1a235d73cdbdea91c771a1155/wcwidth-0.2.5.tar.gz", hash = "sha256:c4d647b99872929fdb7bdcaa4fbe7f01413ed3d98077df798530e5b04f116c83", size = 34755, upload-time = "2020-06-23T16:10:29.829Z" }
wheels = [
    { url = "https://files.pythonhosted.org/packages/59/7c/e39aca596badaf1b78e8f547c807b04dae603a433d3e7a7e04d67f2ef3e5/wcwidth-0.2.5-py2.py3-none-any.whl", hash = "sha256:beb4802a9cebb9144e99086eff703a642a13d6a0052920003a230f3294bbe784", size = 30763, upload-time = "2020-06-23T16:10:28.529Z" },
]
